// !$*UTF8*$!
{
	archiveVersion = 1;
	classes = {
	};
	objectVersion = 56;
	objects = {

/* Begin PBXBuildFile section */
		B5F4ECF72A3EA513006AECE0 /* AppDelegate.swift in Sources */ = {isa = PBXBuildFile; fileRef = B5F4ECF62A3EA513006AECE0 /* AppDelegate.swift */; };
		B5F4ECF92A3EA513006AECE0 /* SceneDelegate.swift in Sources */ = {isa = PBXBuildFile; fileRef = B5F4ECF82A3EA513006AECE0 /* SceneDelegate.swift */; };
		B5F4ECFB2A3EA513006AECE0 /* TodoViewController.swift in Sources */ = {isa = PBXBuildFile; fileRef = B5F4ECFA2A3EA513006AECE0 /* TodoViewController.swift */; };
		B5F4ECFE2A3EA513006AECE0 /* Main.storyboard in Resources */ = {isa = PBXBuildFile; fileRef = B5F4ECFC2A3EA513006AECE0 /* Main.storyboard */; };
		B5F4ED002A3EA514006AECE0 /* Assets.xcassets in Resources */ = {isa = PBXBuildFile; fileRef = B5F4ECFF2A3EA514006AECE0 /* Assets.xcassets */; };
		B5F4ED032A3EA514006AECE0 /* LaunchScreen.storyboard in Resources */ = {isa = PBXBuildFile; fileRef = B5F4ED012A3EA514006AECE0 /* LaunchScreen.storyboard */; };
		B5F4ED0E2A3EA515006AECE0 /* TodoAppTests.swift in Sources */ = {isa = PBXBuildFile; fileRef = B5F4ED0D2A3EA515006AECE0 /* TodoAppTests.swift */; };
		B5F4ED182A3EA515006AECE0 /* TodoAppUITests.swift in Sources */ = {isa = PBXBuildFile; fileRef = B5F4ED172A3EA515006AECE0 /* TodoAppUITests.swift */; };
		B5F4ED1A2A3EA515006AECE0 /* TodoAppUITestsLaunchTests.swift in Sources */ = {isa = PBXBuildFile; fileRef = B5F4ED192A3EA515006AECE0 /* TodoAppUITestsLaunchTests.swift */; };
		B5F4ED2B2A3EB609006AECE0 /* TodoService.swift in Sources */ = {isa = PBXBuildFile; fileRef = B5F4ED2A2A3EB609006AECE0 /* TodoService.swift */; };
		B5F4ED2D2A3EE22D006AECE0 /* TodoTableViewCell.swift in Sources */ = {isa = PBXBuildFile; fileRef = B5F4ED2C2A3EE22D006AECE0 /* TodoTableViewCell.swift */; };
		B5F4ED2F2A3EE314006AECE0 /* Toggable.swift in Sources */ = {isa = PBXBuildFile; fileRef = B5F4ED2E2A3EE314006AECE0 /* Toggable.swift */; };
		B5F4ED322A3EE603006AECE0 /* TodoServiceImpl.swift in Sources */ = {isa = PBXBuildFile; fileRef = B5F4ED312A3EE603006AECE0 /* TodoServiceImpl.swift */; };
		B5F4ED352A3EE656006AECE0 /* Todo.swift in Sources */ = {isa = PBXBuildFile; fileRef = B5F4ED342A3EE656006AECE0 /* Todo.swift */; };
		B5F4ED372A3EE9EE006AECE0 /* Repository.swift in Sources */ = {isa = PBXBuildFile; fileRef = B5F4ED362A3EE9EE006AECE0 /* Repository.swift */; };
		B5F4ED392A3EEB8F006AECE0 /* UserDefaultRepository.swift in Sources */ = {isa = PBXBuildFile; fileRef = B5F4ED382A3EEB8F006AECE0 /* UserDefaultRepository.swift */; };
		B5F4ED3C2A3EF584006AECE0 /* Swinject in Frameworks */ = {isa = PBXBuildFile; productRef = B5F4ED3B2A3EF584006AECE0 /* Swinject */; };
/* End PBXBuildFile section */

/* Begin PBXContainerItemProxy section */
		B5F4ED0A2A3EA515006AECE0 /* PBXContainerItemProxy */ = {
			isa = PBXContainerItemProxy;
			containerPortal = B5F4ECEB2A3EA513006AECE0 /* Project object */;
			proxyType = 1;
			remoteGlobalIDString = B5F4ECF22A3EA513006AECE0;
			remoteInfo = TodoApp;
		};
		B5F4ED142A3EA515006AECE0 /* PBXContainerItemProxy */ = {
			isa = PBXContainerItemProxy;
			containerPortal = B5F4ECEB2A3EA513006AECE0 /* Project object */;
			proxyType = 1;
			remoteGlobalIDString = B5F4ECF22A3EA513006AECE0;
			remoteInfo = TodoApp;
		};
/* End PBXContainerItemProxy section */

/* Begin PBXFileReference section */
		B5F4ECF32A3EA513006AECE0 /* TodoApp.app */ = {isa = PBXFileReference; explicitFileType = wrapper.application; includeInIndex = 0; path = TodoApp.app; sourceTree = BUILT_PRODUCTS_DIR; };
		B5F4ECF62A3EA513006AECE0 /* AppDelegate.swift */ = {isa = PBXFileReference; lastKnownFileType = sourcecode.swift; path = AppDelegate.swift; sourceTree = "<group>"; };
		B5F4ECF82A3EA513006AECE0 /* SceneDelegate.swift */ = {isa = PBXFileReference; lastKnownFileType = sourcecode.swift; path = SceneDelegate.swift; sourceTree = "<group>"; };
		B5F4ECFA2A3EA513006AECE0 /* TodoViewController.swift */ = {isa = PBXFileReference; lastKnownFileType = sourcecode.swift; path = TodoViewController.swift; sourceTree = "<group>"; };
		B5F4ECFD2A3EA513006AECE0 /* Base */ = {isa = PBXFileReference; lastKnownFileType = file.storyboard; name = Base; path = Base.lproj/Main.storyboard; sourceTree = "<group>"; };
		B5F4ECFF2A3EA514006AECE0 /* Assets.xcassets */ = {isa = PBXFileReference; lastKnownFileType = folder.assetcatalog; path = Assets.xcassets; sourceTree = "<group>"; };
		B5F4ED022A3EA514006AECE0 /* Base */ = {isa = PBXFileReference; lastKnownFileType = file.storyboard; name = Base; path = Base.lproj/LaunchScreen.storyboard; sourceTree = "<group>"; };
		B5F4ED042A3EA514006AECE0 /* Info.plist */ = {isa = PBXFileReference; lastKnownFileType = text.plist.xml; path = Info.plist; sourceTree = "<group>"; };
		B5F4ED092A3EA515006AECE0 /* TodoAppTests.xctest */ = {isa = PBXFileReference; explicitFileType = wrapper.cfbundle; includeInIndex = 0; path = TodoAppTests.xctest; sourceTree = BUILT_PRODUCTS_DIR; };
		B5F4ED0D2A3EA515006AECE0 /* TodoAppTests.swift */ = {isa = PBXFileReference; lastKnownFileType = sourcecode.swift; path = TodoAppTests.swift; sourceTree = "<group>"; };
		B5F4ED132A3EA515006AECE0 /* TodoAppUITests.xctest */ = {isa = PBXFileReference; explicitFileType = wrapper.cfbundle; includeInIndex = 0; path = TodoAppUITests.xctest; sourceTree = BUILT_PRODUCTS_DIR; };
		B5F4ED172A3EA515006AECE0 /* TodoAppUITests.swift */ = {isa = PBXFileReference; lastKnownFileType = sourcecode.swift; path = TodoAppUITests.swift; sourceTree = "<group>"; };
		B5F4ED192A3EA515006AECE0 /* TodoAppUITestsLaunchTests.swift */ = {isa = PBXFileReference; lastKnownFileType = sourcecode.swift; path = TodoAppUITestsLaunchTests.swift; sourceTree = "<group>"; };
		B5F4ED2A2A3EB609006AECE0 /* TodoService.swift */ = {isa = PBXFileReference; lastKnownFileType = sourcecode.swift; path = TodoService.swift; sourceTree = "<group>"; };
		B5F4ED2C2A3EE22D006AECE0 /* TodoTableViewCell.swift */ = {isa = PBXFileReference; lastKnownFileType = sourcecode.swift; path = TodoTableViewCell.swift; sourceTree = "<group>"; };
		B5F4ED2E2A3EE314006AECE0 /* Toggable.swift */ = {isa = PBXFileReference; lastKnownFileType = sourcecode.swift; path = Toggable.swift; sourceTree = "<group>"; };
		B5F4ED312A3EE603006AECE0 /* TodoServiceImpl.swift */ = {isa = PBXFileReference; lastKnownFileType = sourcecode.swift; path = TodoServiceImpl.swift; sourceTree = "<group>"; };
		B5F4ED342A3EE656006AECE0 /* Todo.swift */ = {isa = PBXFileReference; lastKnownFileType = sourcecode.swift; path = Todo.swift; sourceTree = "<group>"; };
		B5F4ED362A3EE9EE006AECE0 /* Repository.swift */ = {isa = PBXFileReference; lastKnownFileType = sourcecode.swift; path = Repository.swift; sourceTree = "<group>"; };
		B5F4ED382A3EEB8F006AECE0 /* UserDefaultRepository.swift */ = {isa = PBXFileReference; lastKnownFileType = sourcecode.swift; path = UserDefaultRepository.swift; sourceTree = "<group>"; };
/* End PBXFileReference section */

/* Begin PBXFrameworksBuildPhase section */
		B5F4ECF02A3EA513006AECE0 /* Frameworks */ = {
			isa = PBXFrameworksBuildPhase;
			buildActionMask = 2147483647;
			files = (
				B5F4ED3C2A3EF584006AECE0 /* Swinject in Frameworks */,
			);
			runOnlyForDeploymentPostprocessing = 0;
		};
		B5F4ED062A3EA515006AECE0 /* Frameworks */ = {
			isa = PBXFrameworksBuildPhase;
			buildActionMask = 2147483647;
			files = (
			);
			runOnlyForDeploymentPostprocessing = 0;
		};
		B5F4ED102A3EA515006AECE0 /* Frameworks */ = {
			isa = PBXFrameworksBuildPhase;
			buildActionMask = 2147483647;
			files = (
			);
			runOnlyForDeploymentPostprocessing = 0;
		};
/* End PBXFrameworksBuildPhase section */

/* Begin PBXGroup section */
		B5F4ECEA2A3EA513006AECE0 = {
			isa = PBXGroup;
			children = (
				B5F4ECF52A3EA513006AECE0 /* TodoApp */,
				B5F4ED0C2A3EA515006AECE0 /* TodoAppTests */,
				B5F4ED162A3EA515006AECE0 /* TodoAppUITests */,
				B5F4ECF42A3EA513006AECE0 /* Products */,
			);
			sourceTree = "<group>";
		};
		B5F4ECF42A3EA513006AECE0 /* Products */ = {
			isa = PBXGroup;
			children = (
				B5F4ECF32A3EA513006AECE0 /* TodoApp.app */,
				B5F4ED092A3EA515006AECE0 /* TodoAppTests.xctest */,
				B5F4ED132A3EA515006AECE0 /* TodoAppUITests.xctest */,
			);
			name = Products;
			sourceTree = "<group>";
		};
		B5F4ECF52A3EA513006AECE0 /* TodoApp */ = {
			isa = PBXGroup;
			children = (
				B5F4ED332A3EE650006AECE0 /* Models */,
				B5F4ED302A3EE5F5006AECE0 /* Implementations */,
				B5F4ED292A3EB5FE006AECE0 /* Protocols */,
				B5F4ED282A3EB5D0006AECE0 /* Views */,
				B5F4ED272A3EB5C5006AECE0 /* Resources */,
				B5F4ED262A3EB5B4006AECE0 /* Supports */,
			);
			path = TodoApp;
			sourceTree = "<group>";
		};
		B5F4ED0C2A3EA515006AECE0 /* TodoAppTests */ = {
			isa = PBXGroup;
			children = (
				B5F4ED0D2A3EA515006AECE0 /* TodoAppTests.swift */,
			);
			path = TodoAppTests;
			sourceTree = "<group>";
		};
		B5F4ED162A3EA515006AECE0 /* TodoAppUITests */ = {
			isa = PBXGroup;
			children = (
				B5F4ED172A3EA515006AECE0 /* TodoAppUITests.swift */,
				B5F4ED192A3EA515006AECE0 /* TodoAppUITestsLaunchTests.swift */,
			);
			path = TodoAppUITests;
			sourceTree = "<group>";
		};
		B5F4ED262A3EB5B4006AECE0 /* Supports */ = {
			isa = PBXGroup;
			children = (
				B5F4ECF62A3EA513006AECE0 /* AppDelegate.swift */,
				B5F4ECF82A3EA513006AECE0 /* SceneDelegate.swift */,
				B5F4ED042A3EA514006AECE0 /* Info.plist */,
			);
			path = Supports;
			sourceTree = "<group>";
		};
		B5F4ED272A3EB5C5006AECE0 /* Resources */ = {
			isa = PBXGroup;
			children = (
				B5F4ECFF2A3EA514006AECE0 /* Assets.xcassets */,
				B5F4ED012A3EA514006AECE0 /* LaunchScreen.storyboard */,
			);
			path = Resources;
			sourceTree = "<group>";
		};
		B5F4ED282A3EB5D0006AECE0 /* Views */ = {
			isa = PBXGroup;
			children = (
				B5F4ED2C2A3EE22D006AECE0 /* TodoTableViewCell.swift */,
				B5F4ECFA2A3EA513006AECE0 /* TodoViewController.swift */,
				B5F4ECFC2A3EA513006AECE0 /* Main.storyboard */,
			);
			path = Views;
			sourceTree = "<group>";
		};
		B5F4ED292A3EB5FE006AECE0 /* Protocols */ = {
			isa = PBXGroup;
			children = (
				B5F4ED2A2A3EB609006AECE0 /* TodoService.swift */,
				B5F4ED2E2A3EE314006AECE0 /* Toggable.swift */,
				B5F4ED362A3EE9EE006AECE0 /* Repository.swift */,
			);
			path = Protocols;
			sourceTree = "<group>";
		};
		B5F4ED302A3EE5F5006AECE0 /* Implementations */ = {
			isa = PBXGroup;
			children = (
				B5F4ED312A3EE603006AECE0 /* TodoServiceImpl.swift */,
				B5F4ED382A3EEB8F006AECE0 /* UserDefaultRepository.swift */,
			);
			path = Implementations;
			sourceTree = "<group>";
		};
		B5F4ED332A3EE650006AECE0 /* Models */ = {
			isa = PBXGroup;
			children = (
				B5F4ED342A3EE656006AECE0 /* Todo.swift */,
			);
			path = Models;
			sourceTree = "<group>";
		};
/* End PBXGroup section */

/* Begin PBXNativeTarget section */
		B5F4ECF22A3EA513006AECE0 /* TodoApp */ = {
			isa = PBXNativeTarget;
			buildConfigurationList = B5F4ED1D2A3EA515006AECE0 /* Build configuration list for PBXNativeTarget "TodoApp" */;
			buildPhases = (
				B5F4ECEF2A3EA513006AECE0 /* Sources */,
				B5F4ECF02A3EA513006AECE0 /* Frameworks */,
				B5F4ECF12A3EA513006AECE0 /* Resources */,
			);
			buildRules = (
			);
			dependencies = (
			);
			name = TodoApp;
			packageProductDependencies = (
				B5F4ED3B2A3EF584006AECE0 /* Swinject */,
			);
			productName = TodoApp;
			productReference = B5F4ECF32A3EA513006AECE0 /* TodoApp.app */;
			productType = "com.apple.product-type.application";
		};
		B5F4ED082A3EA515006AECE0 /* TodoAppTests */ = {
			isa = PBXNativeTarget;
			buildConfigurationList = B5F4ED202A3EA515006AECE0 /* Build configuration list for PBXNativeTarget "TodoAppTests" */;
			buildPhases = (
				B5F4ED052A3EA515006AECE0 /* Sources */,
				B5F4ED062A3EA515006AECE0 /* Frameworks */,
				B5F4ED072A3EA515006AECE0 /* Resources */,
			);
			buildRules = (
			);
			dependencies = (
				B5F4ED0B2A3EA515006AECE0 /* PBXTargetDependency */,
			);
			name = TodoAppTests;
			productName = TodoAppTests;
			productReference = B5F4ED092A3EA515006AECE0 /* TodoAppTests.xctest */;
			productType = "com.apple.product-type.bundle.unit-test";
		};
		B5F4ED122A3EA515006AECE0 /* TodoAppUITests */ = {
			isa = PBXNativeTarget;
			buildConfigurationList = B5F4ED232A3EA515006AECE0 /* Build configuration list for PBXNativeTarget "TodoAppUITests" */;
			buildPhases = (
				B5F4ED0F2A3EA515006AECE0 /* Sources */,
				B5F4ED102A3EA515006AECE0 /* Frameworks */,
				B5F4ED112A3EA515006AECE0 /* Resources */,
			);
			buildRules = (
			);
			dependencies = (
				B5F4ED152A3EA515006AECE0 /* PBXTargetDependency */,
			);
			name = TodoAppUITests;
			productName = TodoAppUITests;
			productReference = B5F4ED132A3EA515006AECE0 /* TodoAppUITests.xctest */;
			productType = "com.apple.product-type.bundle.ui-testing";
		};
/* End PBXNativeTarget section */

/* Begin PBXProject section */
		B5F4ECEB2A3EA513006AECE0 /* Project object */ = {
			isa = PBXProject;
			attributes = {
				BuildIndependentTargetsInParallel = 1;
				LastSwiftUpdateCheck = 1420;
				LastUpgradeCheck = 1420;
				TargetAttributes = {
					B5F4ECF22A3EA513006AECE0 = {
						CreatedOnToolsVersion = 14.2;
					};
					B5F4ED082A3EA515006AECE0 = {
						CreatedOnToolsVersion = 14.2;
						TestTargetID = B5F4ECF22A3EA513006AECE0;
					};
					B5F4ED122A3EA515006AECE0 = {
						CreatedOnToolsVersion = 14.2;
						TestTargetID = B5F4ECF22A3EA513006AECE0;
					};
				};
			};
			buildConfigurationList = B5F4ECEE2A3EA513006AECE0 /* Build configuration list for PBXProject "TodoApp" */;
			compatibilityVersion = "Xcode 14.0";
			developmentRegion = en;
			hasScannedForEncodings = 0;
			knownRegions = (
				en,
				Base,
			);
			mainGroup = B5F4ECEA2A3EA513006AECE0;
			packageReferences = (
				B5F4ED3A2A3EF584006AECE0 /* XCRemoteSwiftPackageReference "Swinject" */,
			);
			productRefGroup = B5F4ECF42A3EA513006AECE0 /* Products */;
			projectDirPath = "";
			projectRoot = "";
			targets = (
				B5F4ECF22A3EA513006AECE0 /* TodoApp */,
				B5F4ED082A3EA515006AECE0 /* TodoAppTests */,
				B5F4ED122A3EA515006AECE0 /* TodoAppUITests */,
			);
		};
/* End PBXProject section */

/* Begin PBXResourcesBuildPhase section */
		B5F4ECF12A3EA513006AECE0 /* Resources */ = {
			isa = PBXResourcesBuildPhase;
			buildActionMask = 2147483647;
			files = (
				B5F4ED032A3EA514006AECE0 /* LaunchScreen.storyboard in Resources */,
				B5F4ED002A3EA514006AECE0 /* Assets.xcassets in Resources */,
				B5F4ECFE2A3EA513006AECE0 /* Main.storyboard in Resources */,
			);
			runOnlyForDeploymentPostprocessing = 0;
		};
		B5F4ED072A3EA515006AECE0 /* Resources */ = {
			isa = PBXResourcesBuildPhase;
			buildActionMask = 2147483647;
			files = (
			);
			runOnlyForDeploymentPostprocessing = 0;
		};
		B5F4ED112A3EA515006AECE0 /* Resources */ = {
			isa = PBXResourcesBuildPhase;
			buildActionMask = 2147483647;
			files = (
			);
			runOnlyForDeploymentPostprocessing = 0;
		};
/* End PBXResourcesBuildPhase section */

/* Begin PBXSourcesBuildPhase section */
		B5F4ECEF2A3EA513006AECE0 /* Sources */ = {
			isa = PBXSourcesBuildPhase;
			buildActionMask = 2147483647;
			files = (
				B5F4ED322A3EE603006AECE0 /* TodoServiceImpl.swift in Sources */,
				B5F4ECFB2A3EA513006AECE0 /* TodoViewController.swift in Sources */,
				B5F4ECF72A3EA513006AECE0 /* AppDelegate.swift in Sources */,
				B5F4ED352A3EE656006AECE0 /* Todo.swift in Sources */,
				B5F4ECF92A3EA513006AECE0 /* SceneDelegate.swift in Sources */,
				B5F4ED2D2A3EE22D006AECE0 /* TodoTableViewCell.swift in Sources */,
				B5F4ED2F2A3EE314006AECE0 /* Toggable.swift in Sources */,
				B5F4ED2B2A3EB609006AECE0 /* TodoService.swift in Sources */,
				B5F4ED392A3EEB8F006AECE0 /* UserDefaultRepository.swift in Sources */,
				B5F4ED372A3EE9EE006AECE0 /* Repository.swift in Sources */,
			);
			runOnlyForDeploymentPostprocessing = 0;
		};
		B5F4ED052A3EA515006AECE0 /* Sources */ = {
			isa = PBXSourcesBuildPhase;
			buildActionMask = 2147483647;
			files = (
				B5F4ED0E2A3EA515006AECE0 /* TodoAppTests.swift in Sources */,
			);
			runOnlyForDeploymentPostprocessing = 0;
		};
		B5F4ED0F2A3EA515006AECE0 /* Sources */ = {
			isa = PBXSourcesBuildPhase;
			buildActionMask = 2147483647;
			files = (
				B5F4ED1A2A3EA515006AECE0 /* TodoAppUITestsLaunchTests.swift in Sources */,
				B5F4ED182A3EA515006AECE0 /* TodoAppUITests.swift in Sources */,
			);
			runOnlyForDeploymentPostprocessing = 0;
		};
/* End PBXSourcesBuildPhase section */

/* Begin PBXTargetDependency section */
		B5F4ED0B2A3EA515006AECE0 /* PBXTargetDependency */ = {
			isa = PBXTargetDependency;
			target = B5F4ECF22A3EA513006AECE0 /* TodoApp */;
			targetProxy = B5F4ED0A2A3EA515006AECE0 /* PBXContainerItemProxy */;
		};
		B5F4ED152A3EA515006AECE0 /* PBXTargetDependency */ = {
			isa = PBXTargetDependency;
			target = B5F4ECF22A3EA513006AECE0 /* TodoApp */;
			targetProxy = B5F4ED142A3EA515006AECE0 /* PBXContainerItemProxy */;
		};
/* End PBXTargetDependency section */

/* Begin PBXVariantGroup section */
		B5F4ECFC2A3EA513006AECE0 /* Main.storyboard */ = {
			isa = PBXVariantGroup;
			children = (
				B5F4ECFD2A3EA513006AECE0 /* Base */,
			);
			name = Main.storyboard;
			sourceTree = "<group>";
		};
		B5F4ED012A3EA514006AECE0 /* LaunchScreen.storyboard */ = {
			isa = PBXVariantGroup;
			children = (
				B5F4ED022A3EA514006AECE0 /* Base */,
			);
			name = LaunchScreen.storyboard;
			sourceTree = "<group>";
		};
/* End PBXVariantGroup section */

/* Begin XCBuildConfiguration section */
		B5F4ED1B2A3EA515006AECE0 /* Debug */ = {
			isa = XCBuildConfiguration;
			buildSettings = {
				ALWAYS_SEARCH_USER_PATHS = NO;
				CLANG_ANALYZER_NONNULL = YES;
				CLANG_ANALYZER_NUMBER_OBJECT_CONVERSION = YES_AGGRESSIVE;
				CLANG_CXX_LANGUAGE_STANDARD = "gnu++20";
				CLANG_ENABLE_MODULES = YES;
				CLANG_ENABLE_OBJC_ARC = YES;
				CLANG_ENABLE_OBJC_WEAK = YES;
				CLANG_WARN_BLOCK_CAPTURE_AUTORELEASING = YES;
				CLANG_WARN_BOOL_CONVERSION = YES;
				CLANG_WARN_COMMA = YES;
				CLANG_WARN_CONSTANT_CONVERSION = YES;
				CLANG_WARN_DEPRECATED_OBJC_IMPLEMENTATIONS = YES;
				CLANG_WARN_DIRECT_OBJC_ISA_USAGE = YES_ERROR;
				CLANG_WARN_DOCUMENTATION_COMMENTS = YES;
				CLANG_WARN_EMPTY_BODY = YES;
				CLANG_WARN_ENUM_CONVERSION = YES;
				CLANG_WARN_INFINITE_RECURSION = YES;
				CLANG_WARN_INT_CONVERSION = YES;
				CLANG_WARN_NON_LITERAL_NULL_CONVERSION = YES;
				CLANG_WARN_OBJC_IMPLICIT_RETAIN_SELF = YES;
				CLANG_WARN_OBJC_LITERAL_CONVERSION = YES;
				CLANG_WARN_OBJC_ROOT_CLASS = YES_ERROR;
				CLANG_WARN_QUOTED_INCLUDE_IN_FRAMEWORK_HEADER = YES;
				CLANG_WARN_RANGE_LOOP_ANALYSIS = YES;
				CLANG_WARN_STRICT_PROTOTYPES = YES;
				CLANG_WARN_SUSPICIOUS_MOVE = YES;
				CLANG_WARN_UNGUARDED_AVAILABILITY = YES_AGGRESSIVE;
				CLANG_WARN_UNREACHABLE_CODE = YES;
				CLANG_WARN__DUPLICATE_METHOD_MATCH = YES;
				COPY_PHASE_STRIP = NO;
				DEBUG_INFORMATION_FORMAT = dwarf;
				ENABLE_STRICT_OBJC_MSGSEND = YES;
				ENABLE_TESTABILITY = YES;
				GCC_C_LANGUAGE_STANDARD = gnu11;
				GCC_DYNAMIC_NO_PIC = NO;
				GCC_NO_COMMON_BLOCKS = YES;
				GCC_OPTIMIZATION_LEVEL = 0;
				GCC_PREPROCESSOR_DEFINITIONS = (
					"DEBUG=1",
					"$(inherited)",
				);
				GCC_WARN_64_TO_32_BIT_CONVERSION = YES;
				GCC_WARN_ABOUT_RETURN_TYPE = YES_ERROR;
				GCC_WARN_UNDECLARED_SELECTOR = YES;
				GCC_WARN_UNINITIALIZED_AUTOS = YES_AGGRESSIVE;
				GCC_WARN_UNUSED_FUNCTION = YES;
				GCC_WARN_UNUSED_VARIABLE = YES;
				IPHONEOS_DEPLOYMENT_TARGET = 16.2;
				MTL_ENABLE_DEBUG_INFO = INCLUDE_SOURCE;
				MTL_FAST_MATH = YES;
				ONLY_ACTIVE_ARCH = YES;
				SDKROOT = iphoneos;
				SWIFT_ACTIVE_COMPILATION_CONDITIONS = DEBUG;
				SWIFT_OPTIMIZATION_LEVEL = "-Onone";
			};
			name = Debug;
		};
		B5F4ED1C2A3EA515006AECE0 /* Release */ = {
			isa = XCBuildConfiguration;
			buildSettings = {
				ALWAYS_SEARCH_USER_PATHS = NO;
				CLANG_ANALYZER_NONNULL = YES;
				CLANG_ANALYZER_NUMBER_OBJECT_CONVERSION = YES_AGGRESSIVE;
				CLANG_CXX_LANGUAGE_STANDARD = "gnu++20";
				CLANG_ENABLE_MODULES = YES;
				CLANG_ENABLE_OBJC_ARC = YES;
				CLANG_ENABLE_OBJC_WEAK = YES;
				CLANG_WARN_BLOCK_CAPTURE_AUTORELEASING = YES;
				CLANG_WARN_BOOL_CONVERSION = YES;
				CLANG_WARN_COMMA = YES;
				CLANG_WARN_CONSTANT_CONVERSION = YES;
				CLANG_WARN_DEPRECATED_OBJC_IMPLEMENTATIONS = YES;
				CLANG_WARN_DIRECT_OBJC_ISA_USAGE = YES_ERROR;
				CLANG_WARN_DOCUMENTATION_COMMENTS = YES;
				CLANG_WARN_EMPTY_BODY = YES;
				CLANG_WARN_ENUM_CONVERSION = YES;
				CLANG_WARN_INFINITE_RECURSION = YES;
				CLANG_WARN_INT_CONVERSION = YES;
				CLANG_WARN_NON_LITERAL_NULL_CONVERSION = YES;
				CLANG_WARN_OBJC_IMPLICIT_RETAIN_SELF = YES;
				CLANG_WARN_OBJC_LITERAL_CONVERSION = YES;
				CLANG_WARN_OBJC_ROOT_CLASS = YES_ERROR;
				CLANG_WARN_QUOTED_INCLUDE_IN_FRAMEWORK_HEADER = YES;
				CLANG_WARN_RANGE_LOOP_ANALYSIS = YES;
				CLANG_WARN_STRICT_PROTOTYPES = YES;
				CLANG_WARN_SUSPICIOUS_MOVE = YES;
				CLANG_WARN_UNGUARDED_AVAILABILITY = YES_AGGRESSIVE;
				CLANG_WARN_UNREACHABLE_CODE = YES;
				CLANG_WARN__DUPLICATE_METHOD_MATCH = YES;
				COPY_PHASE_STRIP = NO;
				DEBUG_INFORMATION_FORMAT = "dwarf-with-dsym";
				ENABLE_NS_ASSERTIONS = NO;
				ENABLE_STRICT_OBJC_MSGSEND = YES;
				GCC_C_LANGUAGE_STANDARD = gnu11;
				GCC_NO_COMMON_BLOCKS = YES;
				GCC_WARN_64_TO_32_BIT_CONVERSION = YES;
				GCC_WARN_ABOUT_RETURN_TYPE = YES_ERROR;
				GCC_WARN_UNDECLARED_SELECTOR = YES;
				GCC_WARN_UNINITIALIZED_AUTOS = YES_AGGRESSIVE;
				GCC_WARN_UNUSED_FUNCTION = YES;
				GCC_WARN_UNUSED_VARIABLE = YES;
				IPHONEOS_DEPLOYMENT_TARGET = 16.2;
				MTL_ENABLE_DEBUG_INFO = NO;
				MTL_FAST_MATH = YES;
				SDKROOT = iphoneos;
				SWIFT_COMPILATION_MODE = wholemodule;
				SWIFT_OPTIMIZATION_LEVEL = "-O";
				VALIDATE_PRODUCT = YES;
			};
			name = Release;
		};
		B5F4ED1E2A3EA515006AECE0 /* Debug */ = {
			isa = XCBuildConfiguration;
			buildSettings = {
				ASSETCATALOG_COMPILER_APPICON_NAME = AppIcon;
				ASSETCATALOG_COMPILER_GLOBAL_ACCENT_COLOR_NAME = AccentColor;
				CODE_SIGN_STYLE = Automatic;
				CURRENT_PROJECT_VERSION = 1;
				GENERATE_INFOPLIST_FILE = YES;
				INFOPLIST_FILE = TodoApp/Supports/Info.plist;
				INFOPLIST_KEY_UIApplicationSupportsIndirectInputEvents = YES;
				INFOPLIST_KEY_UILaunchStoryboardName = LaunchScreen;
				INFOPLIST_KEY_UIMainStoryboardFile = Main;
				INFOPLIST_KEY_UISupportedInterfaceOrientations_iPad = "UIInterfaceOrientationPortrait UIInterfaceOrientationPortraitUpsideDown UIInterfaceOrientationLandscapeLeft UIInterfaceOrientationLandscapeRight";
				INFOPLIST_KEY_UISupportedInterfaceOrientations_iPhone = "UIInterfaceOrientationPortrait UIInterfaceOrientationLandscapeLeft UIInterfaceOrientationLandscapeRight";
				LD_RUNPATH_SEARCH_PATHS = (
					"$(inherited)",
					"@executable_path/Frameworks",
				);
				MARKETING_VERSION = 1.0;
				PRODUCT_BUNDLE_IDENTIFIER = com.yoonah.TodoApp;
				PRODUCT_NAME = "$(TARGET_NAME)";
				SWIFT_EMIT_LOC_STRINGS = YES;
				SWIFT_VERSION = 5.0;
				TARGETED_DEVICE_FAMILY = "1,2";
			};
			name = Debug;
		};
		B5F4ED1F2A3EA515006AECE0 /* Release */ = {
			isa = XCBuildConfiguration;
			buildSettings = {
				ASSETCATALOG_COMPILER_APPICON_NAME = AppIcon;
				ASSETCATALOG_COMPILER_GLOBAL_ACCENT_COLOR_NAME = AccentColor;
				CODE_SIGN_STYLE = Automatic;
				CURRENT_PROJECT_VERSION = 1;
				GENERATE_INFOPLIST_FILE = YES;
				INFOPLIST_FILE = TodoApp/Supports/Info.plist;
				INFOPLIST_KEY_UIApplicationSupportsIndirectInputEvents = YES;
				INFOPLIST_KEY_UILaunchStoryboardName = LaunchScreen;
				INFOPLIST_KEY_UIMainStoryboardFile = Main;
				INFOPLIST_KEY_UISupportedInterfaceOrientations_iPad = "UIInterfaceOrientationPortrait UIInterfaceOrientationPortraitUpsideDown UIInterfaceOrientationLandscapeLeft UIInterfaceOrientationLandscapeRight";
				INFOPLIST_KEY_UISupportedInterfaceOrientations_iPhone = "UIInterfaceOrientationPortrait UIInterfaceOrientationLandscapeLeft UIInterfaceOrientationLandscapeRight";
				LD_RUNPATH_SEARCH_PATHS = (
					"$(inherited)",
					"@executable_path/Frameworks",
				);
				MARKETING_VERSION = 1.0;
				PRODUCT_BUNDLE_IDENTIFIER = com.yoonah.TodoApp;
				PRODUCT_NAME = "$(TARGET_NAME)";
				SWIFT_EMIT_LOC_STRINGS = YES;
				SWIFT_VERSION = 5.0;
				TARGETED_DEVICE_FAMILY = "1,2";
			};
			name = Release;
		};
		B5F4ED212A3EA515006AECE0 /* Debug */ = {
			isa = XCBuildConfiguration;
			buildSettings = {
				ALWAYS_EMBED_SWIFT_STANDARD_LIBRARIES = YES;
				BUNDLE_LOADER = "$(TEST_HOST)";
				CODE_SIGN_STYLE = Automatic;
				CURRENT_PROJECT_VERSION = 1;
				GENERATE_INFOPLIST_FILE = YES;
				IPHONEOS_DEPLOYMENT_TARGET = 16.2;
				MARKETING_VERSION = 1.0;
				PRODUCT_BUNDLE_IDENTIFIER = com.yoonah.TodoAppTests;
				PRODUCT_NAME = "$(TARGET_NAME)";
				SWIFT_EMIT_LOC_STRINGS = NO;
				SWIFT_VERSION = 5.0;
				TARGETED_DEVICE_FAMILY = "1,2";
				TEST_HOST = "$(BUILT_PRODUCTS_DIR)/TodoApp.app/$(BUNDLE_EXECUTABLE_FOLDER_PATH)/TodoApp";
			};
			name = Debug;
		};
		B5F4ED222A3EA515006AECE0 /* Release */ = {
			isa = XCBuildConfiguration;
			buildSettings = {
				ALWAYS_EMBED_SWIFT_STANDARD_LIBRARIES = YES;
				BUNDLE_LOADER = "$(TEST_HOST)";
				CODE_SIGN_STYLE = Automatic;
				CURRENT_PROJECT_VERSION = 1;
				GENERATE_INFOPLIST_FILE = YES;
				IPHONEOS_DEPLOYMENT_TARGET = 16.2;
				MARKETING_VERSION = 1.0;
				PRODUCT_BUNDLE_IDENTIFIER = com.yoonah.TodoAppTests;
				PRODUCT_NAME = "$(TARGET_NAME)";
				SWIFT_EMIT_LOC_STRINGS = NO;
				SWIFT_VERSION = 5.0;
				TARGETED_DEVICE_FAMILY = "1,2";
				TEST_HOST = "$(BUILT_PRODUCTS_DIR)/TodoApp.app/$(BUNDLE_EXECUTABLE_FOLDER_PATH)/TodoApp";
			};
			name = Release;
		};
		B5F4ED242A3EA515006AECE0 /* Debug */ = {
			isa = XCBuildConfiguration;
			buildSettings = {
				ALWAYS_EMBED_SWIFT_STANDARD_LIBRARIES = YES;
				CODE_SIGN_STYLE = Automatic;
				CURRENT_PROJECT_VERSION = 1;
				GENERATE_INFOPLIST_FILE = YES;
				MARKETING_VERSION = 1.0;
				PRODUCT_BUNDLE_IDENTIFIER = com.yoonah.TodoAppUITests;
				PRODUCT_NAME = "$(TARGET_NAME)";
				SWIFT_EMIT_LOC_STRINGS = NO;
				SWIFT_VERSION = 5.0;
				TARGETED_DEVICE_FAMILY = "1,2";
				TEST_TARGET_NAME = TodoApp;
			};
			name = Debug;
		};
		B5F4ED252A3EA515006AECE0 /* Release */ = {
			isa = XCBuildConfiguration;
			buildSettings = {
				ALWAYS_EMBED_SWIFT_STANDARD_LIBRARIES = YES;
				CODE_SIGN_STYLE = Automatic;
				CURRENT_PROJECT_VERSION = 1;
				GENERATE_INFOPLIST_FILE = YES;
				MARKETING_VERSION = 1.0;
				PRODUCT_BUNDLE_IDENTIFIER = com.yoonah.TodoAppUITests;
				PRODUCT_NAME = "$(TARGET_NAME)";
				SWIFT_EMIT_LOC_STRINGS = NO;
				SWIFT_VERSION = 5.0;
				TARGETED_DEVICE_FAMILY = "1,2";
				TEST_TARGET_NAME = TodoApp;
			};
			name = Release;
		};
/* End XCBuildConfiguration section */

/* Begin XCConfigurationList section */
		B5F4ECEE2A3EA513006AECE0 /* Build configuration list for PBXProject "TodoApp" */ = {
			isa = XCConfigurationList;
			buildConfigurations = (
				B5F4ED1B2A3EA515006AECE0 /* Debug */,
				B5F4ED1C2A3EA515006AECE0 /* Release */,
			);
			defaultConfigurationIsVisible = 0;
			defaultConfigurationName = Release;
		};
		B5F4ED1D2A3EA515006AECE0 /* Build configuration list for PBXNativeTarget "TodoApp" */ = {
			isa = XCConfigurationList;
			buildConfigurations = (
				B5F4ED1E2A3EA515006AECE0 /* Debug */,
				B5F4ED1F2A3EA515006AECE0 /* Release */,
			);
			defaultConfigurationIsVisible = 0;
			defaultConfigurationName = Release;
		};
		B5F4ED202A3EA515006AECE0 /* Build configuration list for PBXNativeTarget "TodoAppTests" */ = {
			isa = XCConfigurationList;
			buildConfigurations = (
				B5F4ED212A3EA515006AECE0 /* Debug */,
				B5F4ED222A3EA515006AECE0 /* Release */,
			);
			defaultConfigurationIsVisible = 0;
			defaultConfigurationName = Release;
		};
		B5F4ED232A3EA515006AECE0 /* Build configuration list for PBXNativeTarget "TodoAppUITests" */ = {
			isa = XCConfigurationList;
			buildConfigurations = (
				B5F4ED242A3EA515006AECE0 /* Debug */,
				B5F4ED252A3EA515006AECE0 /* Release */,
			);
			defaultConfigurationIsVisible = 0;
			defaultConfigurationName = Release;
		};
/* End XCConfigurationList section */

/* Begin XCRemoteSwiftPackageReference section */
		B5F4ED3A2A3EF584006AECE0 /* XCRemoteSwiftPackageReference "Swinject" */ = {
			isa = XCRemoteSwiftPackageReference;
			repositoryURL = "https://github.com/Swinject/Swinject";
			requirement = {
				kind = upToNextMajorVersion;
				minimumVersion = 2.0.0;
			};
		};
/* End XCRemoteSwiftPackageReference section */

/* Begin XCSwiftPackageProductDependency section */
		B5F4ED3B2A3EF584006AECE0 /* Swinject */ = {
			isa = XCSwiftPackageProductDependency;
			package = B5F4ED3A2A3EF584006AECE0 /* XCRemoteSwiftPackageReference "Swinject" */;
			productName = Swinject;
		};
/* End XCSwiftPackageProductDependency section */
	};
	rootObject = B5F4ECEB2A3EA513006AECE0 /* Project object */;
}
